
Microsoft Visual Studio Solution File, Format Version 12.00
# Visual Studio 15
VisualStudioVersion = 15.0.27703.2018
MinimumVisualStudioVersion = 10.0.40219.1
Project("{FAE04EC0-301F-11D3-BF4B-00C04F79EFBC}") = "Restoran_Full_App", "Restoran_Full_App\Restoran_Full_App.csproj", "{5BF42CF0-2DF1-41B3-B890-EDFE22CABE39}"
EndProject
Global
	GlobalSection(SolutionConfigurationPlatforms) = preSolution
		Debug|Any CPU = Debug|Any CPU
		Release|Any CPU = Release|Any CPU
	EndGlobalSection
	GlobalSection(ProjectConfigurationPlatforms) = postSolution
		{5BF42CF0-2DF1-41B3-B890-EDFE22CABE39}.Debug|Any CPU.ActiveCfg = Debug|Any CPU
		{5BF42CF0-2DF1-41B3-B890-EDFE22CABE39}.Debug|Any CPU.Build.0 = Debug|Any CPU
		{5BF42CF0-2DF1-41B3-B890-EDFE22CABE39}.Release|Any CPU.ActiveCfg = Release|Any CPU
		{5BF42CF0-2DF1-41B3-B890-EDFE22CABE39}.Release|Any CPU.Build.0 = Release|Any CPU
	EndGlobalSection
	GlobalSection(SolutionProperties) = preSolution
		HideSolutionNode = FALSE
	EndGlobalSection
	GlobalSection(ExtensibilityGlobals) = postSolution
		SolutionGuid = {A5F3E133-C957-4014-943F-39F190347F22}
	EndGlobalSection
EndGlobal
